
Microsoft Visual Studio Solution File, Format Version 12.00
# Visual Studio Version 17
VisualStudioVersion = 17.6.33815.320
MinimumVisualStudioVersion = 10.0.40219.1
Project("{FAE04EC0-301F-11D3-BF4B-00C04F79EFBC}") = "leetCode", "leetCode.csproj", "{44A048AA-946C-4F53-8824-D634CC0E51E1}"
EndProject
Global
	GlobalSection(SolutionConfigurationPlatforms) = preSolution
		Debug|Any CPU = Debug|Any CPU
		Release|Any CPU = Release|Any CPU
	EndGlobalSection
	GlobalSection(ProjectConfigurationPlatforms) = postSolution
		{44A048AA-946C-4F53-8824-D634CC0E51E1}.Debug|Any CPU.ActiveCfg = Debug|Any CPU
		{44A048AA-946C-4F53-8824-D634CC0E51E1}.Debug|Any CPU.Build.0 = Debug|Any CPU
		{44A048AA-946C-4F53-8824-D634CC0E51E1}.Release|Any CPU.ActiveCfg = Release|Any CPU
		{44A048AA-946C-4F53-8824-D634CC0E51E1}.Release|Any CPU.Build.0 = Release|Any CPU
	EndGlobalSection
	GlobalSection(SolutionProperties) = preSolution
		HideSolutionNode = FALSE
	EndGlobalSection
	GlobalSection(ExtensibilityGlobals) = postSolution
		SolutionGuid = {C0BBE430-44E8-4B3B-A40A-7BCC7A00D0CD}
	EndGlobalSection
EndGlobal
